
Microsoft Visual Studio Solution File, Format Version 12.00
# Visual Studio Version 17
VisualStudioVersion = 17.0.31903.59
MinimumVisualStudioVersion = 10.0.40219.1
Project("{FAE04EC0-301F-11D3-BF4B-00C04F79EFBC}") = "random-chat", "ramdom-chat\ramdom-chat.csproj", "{9043B00A-1009-43DE-9486-8215EFA8BC22}"
EndProject
Project("{FAE04EC0-301F-11D3-BF4B-00C04F79EFBC}") = "test-random-chat", "test-random-chat\test-random-chat.csproj", "{21B0B92C-0025-4852-B5DE-0A6A87987F06}"
EndProject
Global
	GlobalSection(SolutionConfigurationPlatforms) = preSolution
		Debug|Any CPU = Debug|Any CPU
		Release|Any CPU = Release|Any CPU
	EndGlobalSection
	GlobalSection(SolutionProperties) = preSolution
		HideSolutionNode = FALSE
	EndGlobalSection
	GlobalSection(ProjectConfigurationPlatforms) = postSolution
		{9043B00A-1009-43DE-9486-8215EFA8BC22}.Debug|Any CPU.ActiveCfg = Debug|Any CPU
		{9043B00A-1009-43DE-9486-8215EFA8BC22}.Debug|Any CPU.Build.0 = Debug|Any CPU
		{9043B00A-1009-43DE-9486-8215EFA8BC22}.Release|Any CPU.ActiveCfg = Release|Any CPU
		{9043B00A-1009-43DE-9486-8215EFA8BC22}.Release|Any CPU.Build.0 = Release|Any CPU
		{21B0B92C-0025-4852-B5DE-0A6A87987F06}.Debug|Any CPU.ActiveCfg = Debug|Any CPU
		{21B0B92C-0025-4852-B5DE-0A6A87987F06}.Debug|Any CPU.Build.0 = Debug|Any CPU
		{21B0B92C-0025-4852-B5DE-0A6A87987F06}.Release|Any CPU.ActiveCfg = Release|Any CPU
		{21B0B92C-0025-4852-B5DE-0A6A87987F06}.Release|Any CPU.Build.0 = Release|Any CPU
	EndGlobalSection
EndGlobal
